
Microsoft Visual Studio Solution File, Format Version 12.00
# Visual Studio Version 16
VisualStudioVersion = 16.0.29613.14
MinimumVisualStudioVersion = 10.0.40219.1
Project("{FAE04EC0-301F-11D3-BF4B-00C04F79EFBC}") = "XSitemaps", "XSitemaps\XSitemaps.csproj", "{80DA854D-02D4-49D9-8CBC-F0DCD683F0AA}"
EndProject
Global
	GlobalSection(SolutionConfigurationPlatforms) = preSolution
		Debug|Any CPU = Debug|Any CPU
		Release|Any CPU = Release|Any CPU
	EndGlobalSection
	GlobalSection(ProjectConfigurationPlatforms) = postSolution
		{80DA854D-02D4-49D9-8CBC-F0DCD683F0AA}.Debug|Any CPU.ActiveCfg = Debug|Any CPU
		{80DA854D-02D4-49D9-8CBC-F0DCD683F0AA}.Debug|Any CPU.Build.0 = Debug|Any CPU
		{80DA854D-02D4-49D9-8CBC-F0DCD683F0AA}.Release|Any CPU.ActiveCfg = Release|Any CPU
		{80DA854D-02D4-49D9-8CBC-F0DCD683F0AA}.Release|Any CPU.Build.0 = Release|Any CPU
	EndGlobalSection
	GlobalSection(SolutionProperties) = preSolution
		HideSolutionNode = FALSE
	EndGlobalSection
	GlobalSection(ExtensibilityGlobals) = postSolution
		SolutionGuid = {FC61F46F-AC27-445F-A323-5E0E49AD0EAC}
	EndGlobalSection
EndGlobal
